
Microsoft Visual Studio Solution File, Format Version 12.00
# Visual Studio Version 17
VisualStudioVersion = 17.6.33815.320
MinimumVisualStudioVersion = 10.0.40219.1
Project("{54A90642-561A-4BB1-A94E-469ADEE60C69}") = "reactproject1", "reactproject1\reactproject1.esproj", "{793B0EF7-6414-4460-A960-BE3AE2DCE75C}"
EndProject
Global
	GlobalSection(SolutionConfigurationPlatforms) = preSolution
		Debug|Any CPU = Debug|Any CPU
		Release|Any CPU = Release|Any CPU
	EndGlobalSection
	GlobalSection(ProjectConfigurationPlatforms) = postSolution
		{793B0EF7-6414-4460-A960-BE3AE2DCE75C}.Debug|Any CPU.ActiveCfg = Debug|Any CPU
		{793B0EF7-6414-4460-A960-BE3AE2DCE75C}.Debug|Any CPU.Build.0 = Debug|Any CPU
		{793B0EF7-6414-4460-A960-BE3AE2DCE75C}.Debug|Any CPU.Deploy.0 = Debug|Any CPU
		{793B0EF7-6414-4460-A960-BE3AE2DCE75C}.Release|Any CPU.ActiveCfg = Release|Any CPU
		{793B0EF7-6414-4460-A960-BE3AE2DCE75C}.Release|Any CPU.Build.0 = Release|Any CPU
		{793B0EF7-6414-4460-A960-BE3AE2DCE75C}.Release|Any CPU.Deploy.0 = Release|Any CPU
	EndGlobalSection
	GlobalSection(SolutionProperties) = preSolution
		HideSolutionNode = FALSE
	EndGlobalSection
	GlobalSection(ExtensibilityGlobals) = postSolution
		SolutionGuid = {46BF205C-215F-4859-96D9-E7CF69302C11}
	EndGlobalSection
EndGlobal
